
Microsoft Visual Studio Solution File, Format Version 12.00
# Visual Studio Version 17
VisualStudioVersion = 17.4.33403.182
MinimumVisualStudioVersion = 10.0.40219.1
Project("{FAE04EC0-301F-11D3-BF4B-00C04F79EFBC}") = "SpecFlowSelenium", "SpecFlowSelenium\SpecFlowSelenium.csproj", "{EC634D8E-49A8-4C22-A980-4D1CBAEF449E}"
EndProject
Global
	GlobalSection(SolutionConfigurationPlatforms) = preSolution
		Debug|Any CPU = Debug|Any CPU
		Release|Any CPU = Release|Any CPU
	EndGlobalSection
	GlobalSection(ProjectConfigurationPlatforms) = postSolution
		{EC634D8E-49A8-4C22-A980-4D1CBAEF449E}.Debug|Any CPU.ActiveCfg = Debug|Any CPU
		{EC634D8E-49A8-4C22-A980-4D1CBAEF449E}.Debug|Any CPU.Build.0 = Debug|Any CPU
		{EC634D8E-49A8-4C22-A980-4D1CBAEF449E}.Release|Any CPU.ActiveCfg = Release|Any CPU
		{EC634D8E-49A8-4C22-A980-4D1CBAEF449E}.Release|Any CPU.Build.0 = Release|Any CPU
	EndGlobalSection
	GlobalSection(SolutionProperties) = preSolution
		HideSolutionNode = FALSE
	EndGlobalSection
	GlobalSection(ExtensibilityGlobals) = postSolution
		SolutionGuid = {F6F53F2B-984F-4711-8AC1-4EBAAC791CE0}
	EndGlobalSection
EndGlobal
